
Microsoft Visual Studio Solution File, Format Version 11.00
# Visual Studio 2010
Project("{FAE04EC0-301F-11D3-BF4B-00C04F79EFBC}") = "NavMeshComponents", "NavMeshComponents.csproj", "{4D616AAB-BAB4-F7B5-9885-C0E62997A7F4}"
EndProject
Project("{FAE04EC0-301F-11D3-BF4B-00C04F79EFBC}") = "Assembly-CSharp", "Assembly-CSharp.csproj", "{1D5FEAD7-7513-660C-958F-86D8A04B3175}"
EndProject
Project("{FAE04EC0-301F-11D3-BF4B-00C04F79EFBC}") = "NavMeshComponentsEditor", "NavMeshComponentsEditor.csproj", "{1EC5C48C-C285-BD0A-BC38-223ECF0B629D}"
EndProject
Global
	GlobalSection(SolutionConfigurationPlatforms) = preSolution
		Debug|Any CPU = Debug|Any CPU
		Release|Any CPU = Release|Any CPU
	EndGlobalSection
	GlobalSection(ProjectConfigurationPlatforms) = postSolution
		{4D616AAB-BAB4-F7B5-9885-C0E62997A7F4}.Debug|Any CPU.ActiveCfg = Debug|Any CPU
		{4D616AAB-BAB4-F7B5-9885-C0E62997A7F4}.Debug|Any CPU.Build.0 = Debug|Any CPU
		{4D616AAB-BAB4-F7B5-9885-C0E62997A7F4}.Release|Any CPU.ActiveCfg = Release|Any CPU
		{4D616AAB-BAB4-F7B5-9885-C0E62997A7F4}.Release|Any CPU.Build.0 = Release|Any CPU
		{1D5FEAD7-7513-660C-958F-86D8A04B3175}.Debug|Any CPU.ActiveCfg = Debug|Any CPU
		{1D5FEAD7-7513-660C-958F-86D8A04B3175}.Debug|Any CPU.Build.0 = Debug|Any CPU
		{1D5FEAD7-7513-660C-958F-86D8A04B3175}.Release|Any CPU.ActiveCfg = Release|Any CPU
		{1D5FEAD7-7513-660C-958F-86D8A04B3175}.Release|Any CPU.Build.0 = Release|Any CPU
		{1EC5C48C-C285-BD0A-BC38-223ECF0B629D}.Debug|Any CPU.ActiveCfg = Debug|Any CPU
		{1EC5C48C-C285-BD0A-BC38-223ECF0B629D}.Debug|Any CPU.Build.0 = Debug|Any CPU
		{1EC5C48C-C285-BD0A-BC38-223ECF0B629D}.Release|Any CPU.ActiveCfg = Release|Any CPU
		{1EC5C48C-C285-BD0A-BC38-223ECF0B629D}.Release|Any CPU.Build.0 = Release|Any CPU
	EndGlobalSection
	GlobalSection(SolutionProperties) = preSolution
		HideSolutionNode = FALSE
	EndGlobalSection
EndGlobal
